Microsoft Visual Studio Solution File, Format Version 12.00
# Visual Studio Version 16
VisualStudioVersion = 16.0.31005.135
MinimumVisualStudioVersion = 10.0.40219.1
Project("{FAE04EC0-301F-11D3-BF4B-00C04F79EFBC}") = "LINQSamples", "LINQSamples\LINQSamples.csproj", "{F20FA3DC-6600-4E18-9C24-E55F61880AC7}"
EndProject
Global
	GlobalSection(SolutionConfigurationPlatforms) = preSolution
		Debug|Any CPU = Debug|Any CPU
		Release|Any CPU = Release|Any CPU
	EndGlobalSection
	GlobalSection(ProjectConfigurationPlatforms) = postSolution
		{F20FA3DC-6600-4E18-9C24-E55F61880AC7}.Debug|Any CPU.ActiveCfg = Debug|Any CPU
		{F20FA3DC-6600-4E18-9C24-E55F61880AC7}.Debug|Any CPU.Build.0 = Debug|Any CPU
		{F20FA3DC-6600-4E18-9C24-E55F61880AC7}.Release|Any CPU.ActiveCfg = Release|Any CPU
		{F20FA3DC-6600-4E18-9C24-E55F61880AC7}.Release|Any CPU.Build.0 = Release|Any CPU
	EndGlobalSection
	GlobalSection(SolutionProperties) = preSolution
		HideSolutionNode = FALSE
	EndGlobalSection
	GlobalSection(ExtensibilityGlobals) = postSolution
		SolutionGuid = {AAD5A82E-2D07-47D5-93D7-B06500084724}
	EndGlobalSection
EndGlobal